// !$*UTF8*$!
{
	archiveVersion = 1;
	classes = {
	};
	objectVersion = 46;
	objects = {

/* Begin PBXBuildFile section */
		AC75D5A51EE13F63002FA1BC /* main.m in Sources */ = {isa = PBXBuildFile; fileRef = AC75D5A41EE13F63002FA1BC /* main.m */; };
		AC75D5A81EE13F63002FA1BC /* AppDelegate.m in Sources */ = {isa = PBXBuildFile; fileRef = AC75D5A71EE13F63002FA1BC /* AppDelegate.m */; };
		AC75D5AB1EE13F63002FA1BC /* ViewController.m in Sources */ = {isa = PBXBuildFile; fileRef = AC75D5AA1EE13F63002FA1BC /* ViewController.m */; };
		AC75D5AE1EE13F63002FA1BC /* Main.storyboard in Resources */ = {isa = PBXBuildFile; fileRef = AC75D5AC1EE13F63002FA1BC /* Main.storyboard */; };
		AC75D5B01EE13F63002FA1BC /* Assets.xcassets in Resources */ = {isa = PBXBuildFile; fileRef = AC75D5AF1EE13F63002FA1BC /* Assets.xcassets */; };
		AC75D5B31EE13F63002FA1BC /* LaunchScreen.storyboard in Resources */ = {isa = PBXBuildFile; fileRef = AC75D5B11EE13F63002FA1BC /* LaunchScreen.storyboard */; };
		AC75D5BC1EE13F9E002FA1BC /* JJOCJSViewController.m in Sources */ = {isa = PBXBuildFile; fileRef = AC75D5BB1EE13F9E002FA1BC /* JJOCJSViewController.m */; };
		AC75D5BF1EE13FB0002FA1BC /* JJOCJSModel.m in Sources */ = {isa = PBXBuildFile; fileRef = AC75D5BE1EE13FB0002FA1BC /* JJOCJSModel.m */; };
		AC75D5ED1EE13FDC002FA1BC /* MJRefreshAutoFooter.m in Sources */ = {isa = PBXBuildFile; fileRef = AC75D5C31EE13FDC002FA1BC /* MJRefreshAutoFooter.m */; };
		AC75D5EE1EE13FDC002FA1BC /* MJRefreshBackFooter.m in Sources */ = {isa = PBXBuildFile; fileRef = AC75D5C51EE13FDC002FA1BC /* MJRefreshBackFooter.m */; };
		AC75D5EF1EE13FDC002FA1BC /* MJRefreshComponent.m in Sources */ = {isa = PBXBuildFile; fileRef = AC75D5C71EE13FDC002FA1BC /* MJRefreshComponent.m */; };
		AC75D5F01EE13FDC002FA1BC /* MJRefreshFooter.m in Sources */ = {isa = PBXBuildFile; fileRef = AC75D5C91EE13FDC002FA1BC /* MJRefreshFooter.m */; };
		AC75D5F11EE13FDC002FA1BC /* MJRefreshHeader.m in Sources */ = {isa = PBXBuildFile; fileRef = AC75D5CB1EE13FDC002FA1BC /* MJRefreshHeader.m */; };
		AC75D5F21EE13FDC002FA1BC /* MJRefreshAutoGifFooter.m in Sources */ = {isa = PBXBuildFile; fileRef = AC75D5D01EE13FDC002FA1BC /* MJRefreshAutoGifFooter.m */; };
		AC75D5F31EE13FDC002FA1BC /* MJRefreshAutoNormalFooter.m in Sources */ = {isa = PBXBuildFile; fileRef = AC75D5D21EE13FDC002FA1BC /* MJRefreshAutoNormalFooter.m */; };
		AC75D5F41EE13FDC002FA1BC /* MJRefreshAutoStateFooter.m in Sources */ = {isa = PBXBuildFile; fileRef = AC75D5D41EE13FDC002FA1BC /* MJRefreshAutoStateFooter.m */; };
		AC75D5F51EE13FDC002FA1BC /* MJRefreshBackGifFooter.m in Sources */ = {isa = PBXBuildFile; fileRef = AC75D5D71EE13FDC002FA1BC /* MJRefreshBackGifFooter.m */; };
		AC75D5F61EE13FDC002FA1BC /* MJRefreshBackNormalFooter.m in Sources */ = {isa = PBXBuildFile; fileRef = AC75D5D91EE13FDC002FA1BC /* MJRefreshBackNormalFooter.m */; };
		AC75D5F71EE13FDC002FA1BC /* MJRefreshBackStateFooter.m in Sources */ = {isa = PBXBuildFile; fileRef = AC75D5DB1EE13FDC002FA1BC /* MJRefreshBackStateFooter.m */; };
		AC75D5F81EE13FDC002FA1BC /* MJRefreshGifHeader.m in Sources */ = {isa = PBXBuildFile; fileRef = AC75D5DE1EE13FDC002FA1BC /* MJRefreshGifHeader.m */; };
		AC75D5F91EE13FDC002FA1BC /* MJRefreshNormalHeader.m in Sources */ = {isa = PBXBuildFile; fileRef = AC75D5E01EE13FDC002FA1BC /* MJRefreshNormalHeader.m */; };
		AC75D5FA1EE13FDC002FA1BC /* MJRefreshStateHeader.m in Sources */ = {isa = PBXBuildFile; fileRef = AC75D5E21EE13FDC002FA1BC /* MJRefreshStateHeader.m */; };
		AC75D5FB1EE13FDC002FA1BC /* MJRefresh.bundle in Resources */ = {isa = PBXBuildFile; fileRef = AC75D5E31EE13FDC002FA1BC /* MJRefresh.bundle */; };
		AC75D5FC1EE13FDC002FA1BC /* MJRefreshConst.m in Sources */ = {isa = PBXBuildFile; fileRef = AC75D5E61EE13FDC002FA1BC /* MJRefreshConst.m */; };
		AC75D5FD1EE13FDC002FA1BC /* UIScrollView+MJExtension.m in Sources */ = {isa = PBXBuildFile; fileRef = AC75D5E81EE13FDC002FA1BC /* UIScrollView+MJExtension.m */; };
		AC75D5FE1EE13FDC002FA1BC /* UIScrollView+MJRefresh.m in Sources */ = {isa = PBXBuildFile; fileRef = AC75D5EA1EE13FDC002FA1BC /* UIScrollView+MJRefresh.m */; };
		AC75D5FF1EE13FDC002FA1BC /* UIView+MJExtension.m in Sources */ = {isa = PBXBuildFile; fileRef = AC75D5EC1EE13FDC002FA1BC /* UIView+MJExtension.m */; };
		AC75D6011EE15C7F002FA1BC /* index.html in Resources */ = {isa = PBXBuildFile; fileRef = AC75D6001EE15C7F002FA1BC /* index.html */; };
/* End PBXBuildFile section */

/* Begin PBXFileReference section */
		AC75D5A01EE13F63002FA1BC /* TaoBaoDetailDemo.app */ = {isa = PBXFileReference; explicitFileType = wrapper.application; includeInIndex = 0; path = TaoBaoDetailDemo.app; sourceTree = BUILT_PRODUCTS_DIR; };
		AC75D5A41EE13F63002FA1BC /* main.m */ = {isa = PBXFileReference; lastKnownFileType = sourcecode.c.objc; path = main.m; sourceTree = "<group>"; };
		AC75D5A61EE13F63002FA1BC /* AppDelegate.h */ = {isa = PBXFileReference; lastKnownFileType = sourcecode.c.h; path = AppDelegate.h; sourceTree = "<group>"; };
		AC75D5A71EE13F63002FA1BC /* AppDelegate.m */ = {isa = PBXFileReference; lastKnownFileType = sourcecode.c.objc; path = AppDelegate.m; sourceTree = "<group>"; };
		AC75D5A91EE13F63002FA1BC /* ViewController.h */ = {isa = PBXFileReference; lastKnownFileType = sourcecode.c.h; path = ViewController.h; sourceTree = "<group>"; };
		AC75D5AA1EE13F63002FA1BC /* ViewController.m */ = {isa = PBXFileReference; lastKnownFileType = sourcecode.c.objc; path = ViewController.m; sourceTree = "<group>"; };
		AC75D5AD1EE13F63002FA1BC /* Base */ = {isa = PBXFileReference; lastKnownFileType = file.storyboard; name = Base; path = Base.lproj/Main.storyboard; sourceTree = "<group>"; };
		AC75D5AF1EE13F63002FA1BC /* Assets.xcassets */ = {isa = PBXFileReference; lastKnownFileType = folder.assetcatalog; path = Assets.xcassets; sourceTree = "<group>"; };
		AC75D5B21EE13F63002FA1BC /* Base */ = {isa = PBXFileReference; lastKnownFileType = file.storyboard; name = Base; path = Base.lproj/LaunchScreen.storyboard; sourceTree = "<group>"; };
		AC75D5B41EE13F63002FA1BC /* Info.plist */ = {isa = PBXFileReference; lastKnownFileType = text.plist.xml; path = Info.plist; sourceTree = "<group>"; };
		AC75D5BA1EE13F9E002FA1BC /* JJOCJSViewController.h */ = {isa = PBXFileReference; fileEncoding = 4; lastKnownFileType = sourcecode.c.h; path = JJOCJSViewController.h; sourceTree = "<group>"; };
		AC75D5BB1EE13F9E002FA1BC /* JJOCJSViewController.m */ = {isa = PBXFileReference; fileEncoding = 4; lastKnownFileType = sourcecode.c.objc; path = JJOCJSViewController.m; sourceTree = "<group>"; };
		AC75D5BD1EE13FB0002FA1BC /* JJOCJSModel.h */ = {isa = PBXFileReference; fileEncoding = 4; lastKnownFileType = sourcecode.c.h; path = JJOCJSModel.h; sourceTree = "<group>"; };
		AC75D5BE1EE13FB0002FA1BC /* JJOCJSModel.m */ = {isa = PBXFileReference; fileEncoding = 4; lastKnownFileType = sourcecode.c.objc; path = JJOCJSModel.m; sourceTree = "<group>"; };
		AC75D5C21EE13FDC002FA1BC /* MJRefreshAutoFooter.h */ = {isa = PBXFileReference; fileEncoding = 4; lastKnownFileType = sourcecode.c.h; path = MJRefreshAutoFooter.h; sourceTree = "<group>"; };
		AC75D5C31EE13FDC002FA1BC /* MJRefreshAutoFooter.m */ = {isa = PBXFileReference; fileEncoding = 4; lastKnownFileType = sourcecode.c.objc; path = MJRefreshAutoFooter.m; sourceTree = "<group>"; };
		AC75D5C41EE13FDC002FA1BC /* MJRefreshBackFooter.h */ = {isa = PBXFileReference; fileEncoding = 4; lastKnownFileType = sourcecode.c.h; path = MJRefreshBackFooter.h; sourceTree = "<group>"; };
		AC75D5C51EE13FDC002FA1BC /* MJRefreshBackFooter.m */ = {isa = PBXFileReference; fileEncoding = 4; lastKnownFileType = sourcecode.c.objc; path = MJRefreshBackFooter.m; sourceTree = "<group>"; };
		AC75D5C61EE13FDC002FA1BC /* MJRefreshComponent.h */ = {isa = PBXFileReference; fileEncoding = 4; lastKnownFileType = sourcecode.c.h; path = MJRefreshComponent.h; sourceTree = "<group>"; };
		AC75D5C71EE13FDC002FA1BC /* MJRefreshComponent.m */ = {isa = PBXFileReference; fileEncoding = 4; lastKnownFileType = sourcecode.c.objc; path = MJRefreshComponent.m; sourceTree = "<group>"; };
		AC75D5C81EE13FDC002FA1BC /* MJRefreshFooter.h */ = {isa = PBXFileReference; fileEncoding = 4; lastKnownFileType = sourcecode.c.h; path = MJRefreshFooter.h; sourceTree = "<group>"; };
		AC75D5C91EE13FDC002FA1BC /* MJRefreshFooter.m */ = {isa = PBXFileReference; fileEncoding = 4; lastKnownFileType = sourcecode.c.objc; path = MJRefreshFooter.m; sourceTree = "<group>"; };
		AC75D5CA1EE13FDC002FA1BC /* MJRefreshHeader.h */ = {isa = PBXFileReference; fileEncoding = 4; lastKnownFileType = sourcecode.c.h; path = MJRefreshHeader.h; sourceTree = "<group>"; };
		AC75D5CB1EE13FDC002FA1BC /* MJRefreshHeader.m */ = {isa = PBXFileReference; fileEncoding = 4; lastKnownFileType = sourcecode.c.objc; path = MJRefreshHeader.m; sourceTree = "<group>"; };
		AC75D5CF1EE13FDC002FA1BC /* MJRefreshAutoGifFooter.h */ = {isa = PBXFileReference; fileEncoding = 4; lastKnownFileType = sourcecode.c.h; path = MJRefreshAutoGifFooter.h; sourceTree = "<group>"; };
		AC75D5D01EE13FDC002FA1BC /* MJRefreshAutoGifFooter.m */ = {isa = PBXFileReference; fileEncoding = 4; lastKnownFileType = sourcecode.c.objc; path = MJRefreshAutoGifFooter.m; sourceTree = "<group>"; };
		AC75D5D11EE13FDC002FA1BC /* MJRefreshAutoNormalFooter.h */ = {isa = PBXFileReference; fileEncoding = 4; lastKnownFileType = sourcecode.c.h; path = MJRefreshAutoNormalFooter.h; sourceTree = "<group>"; };
		AC75D5D21EE13FDC002FA1BC /* MJRefreshAutoNormalFooter.m */ = {isa = PBXFileReference; fileEncoding = 4; lastKnownFileType = sourcecode.c.objc; path = MJRefreshAutoNormalFooter.m; sourceTree = "<group>"; };
		AC75D5D31EE13FDC002FA1BC /* MJRefreshAutoStateFooter.h */ = {isa = PBXFileReference; fileEncoding = 4; lastKnownFileType = sourcecode.c.h; path = MJRefreshAutoStateFooter.h; sourceTree = "<group>"; };
		AC75D5D41EE13FDC002FA1BC /* MJRefreshAutoStateFooter.m */ = {isa = PBXFileReference; fileEncoding = 4; lastKnownFileType = sourcecode.c.objc; path = MJRefreshAutoStateFooter.m; sourceTree = "<group>"; };
		AC75D5D61EE13FDC002FA1BC /* MJRefreshBackGifFooter.h */ = {isa = PBXFileReference; fileEncoding = 4; lastKnownFileType = sourcecode.c.h; path = MJRefreshBackGifFooter.h; sourceTree = "<group>"; };
		AC75D5D71EE13FDC002FA1BC /* MJRefreshBackGifFooter.m */ = {isa = PBXFileReference; fileEncoding = 4; lastKnownFileType = sourcecode.c.objc; path = MJRefreshBackGifFooter.m; sourceTree = "<group>"; };
		AC75D5D81EE13FDC002FA1BC /* MJRefreshBackNormalFooter.h */ = {isa = PBXFileReference; fileEncoding = 4; lastKnownFileType = sourcecode.c.h; path = MJRefreshBackNormalFooter.h; sourceTree = "<group>"; };
		AC75D5D91EE13FDC002FA1BC /* MJRefreshBackNormalFooter.m */ = {isa = PBXFileReference; fileEncoding = 4; lastKnownFileType = sourcecode.c.objc; path = MJRefreshBackNormalFooter.m; sourceTree = "<group>"; };
		AC75D5DA1EE13FDC002FA1BC /* MJRefreshBackStateFooter.h */ = {isa = PBXFileReference; fileEncoding = 4; lastKnownFileType = sourcecode.c.h; path = MJRefreshBackStateFooter.h; sourceTree = "<group>"; };
		AC75D5DB1EE13FDC002FA1BC /* MJRefreshBackStateFooter.m */ = {isa = PBXFileReference; fileEncoding = 4; lastKnownFileType = sourcecode.c.objc; path = MJRefreshBackStateFooter.m; sourceTree = "<group>"; };
		AC75D5DD1EE13FDC002FA1BC /* MJRefreshGifHeader.h */ = {isa = PBXFileReference; fileEncoding = 4; lastKnownFileType = sourcecode.c.h; path = MJRefreshGifHeader.h; sourceTree = "<group>"; };
		AC75D5DE1EE13FDC002FA1BC /* MJRefreshGifHeader.m */ = {isa = PBXFileReference; fileEncoding = 4; lastKnownFileType = sourcecode.c.objc; path = MJRefreshGifHeader.m; sourceTree = "<group>"; };
		AC75D5DF1EE13FDC002FA1BC /* MJRefreshNormalHeader.h */ = {isa = PBXFileReference; fileEncoding = 4; lastKnownFileType = sourcecode.c.h; path = MJRefreshNormalHeader.h; sourceTree = "<group>"; };
		AC75D5E01EE13FDC002FA1BC /* MJRefreshNormalHeader.m */ = {isa = PBXFileReference; fileEncoding = 4; lastKnownFileType = sourcecode.c.objc; path = MJRefreshNormalHeader.m; sourceTree = "<group>"; };
		AC75D5E11EE13FDC002FA1BC /* MJRefreshStateHeader.h */ = {isa = PBXFileReference; fileEncoding = 4; lastKnownFileType = sourcecode.c.h; path = MJRefreshStateHeader.h; sourceTree = "<group>"; };
		AC75D5E21EE13FDC002FA1BC /* MJRefreshStateHeader.m */ = {isa = PBXFileReference; fileEncoding = 4; lastKnownFileType = sourcecode.c.objc; path = MJRefreshStateHeader.m; sourceTree = "<group>"; };
		AC75D5E31EE13FDC002FA1BC /* MJRefresh.bundle */ = {isa = PBXFileReference; lastKnownFileType = "wrapper.plug-in"; path = MJRefresh.bundle; sourceTree = "<group>"; };
		AC75D5E41EE13FDC002FA1BC /* MJRefresh.h */ = {isa = PBXFileReference; fileEncoding = 4; lastKnownFileType = sourcecode.c.h; path = MJRefresh.h; sourceTree = "<group>"; };
		AC75D5E51EE13FDC002FA1BC /* MJRefreshConst.h */ = {isa = PBXFileReference; fileEncoding = 4; lastKnownFileType = sourcecode.c.h; path = MJRefreshConst.h; sourceTree = "<group>"; };
		AC75D5E61EE13FDC002FA1BC /* MJRefreshConst.m */ = {isa = PBXFileReference; fileEncoding = 4; lastKnownFileType = sourcecode.c.objc; path = MJRefreshConst.m; sourceTree = "<group>"; };
		AC75D5E71EE13FDC002FA1BC /* UIScrollView+MJExtension.h */ = {isa = PBXFileReference; fileEncoding = 4; lastKnownFileType = sourcecode.c.h; path = "UIScrollView+MJExtension.h"; sourceTree = "<group>"; };
		AC75D5E81EE13FDC002FA1BC /* UIScrollView+MJExtension.m */ = {isa = PBXFileReference; fileEncoding = 4; lastKnownFileType = sourcecode.c.objc; path = "UIScrollView+MJExtension.m"; sourceTree = "<group>"; };
		AC75D5E91EE13FDC002FA1BC /* UIScrollView+MJRefresh.h */ = {isa = PBXFileReference; fileEncoding = 4; lastKnownFileType = sourcecode.c.h; path = "UIScrollView+MJRefresh.h"; sourceTree = "<group>"; };
		AC75D5EA1EE13FDC002FA1BC /* UIScrollView+MJRefresh.m */ = {isa = PBXFileReference; fileEncoding = 4; lastKnownFileType = sourcecode.c.objc; path = "UIScrollView+MJRefresh.m"; sourceTree = "<group>"; };
		AC75D5EB1EE13FDC002FA1BC /* UIView+MJExtension.h */ = {isa = PBXFileReference; fileEncoding = 4; lastKnownFileType = sourcecode.c.h; path = "UIView+MJExtension.h"; sourceTree = "<group>"; };
		AC75D5EC1EE13FDC002FA1BC /* UIView+MJExtension.m */ = {isa = PBXFileReference; fileEncoding = 4; lastKnownFileType = sourcecode.c.objc; path = "UIView+MJExtension.m"; sourceTree = "<group>"; };
		AC75D6001EE15C7F002FA1BC /* index.html */ = {isa = PBXFileReference; fileEncoding = 4; lastKnownFileType = text.html; name = index.html; path = MJRefresh/index.html; sourceTree = "<group>"; };
/* End PBXFileReference section */

/* Begin PBXFrameworksBuildPhase section */
		AC75D59D1EE13F63002FA1BC /* Frameworks */ = {
			isa = PBXFrameworksBuildPhase;
			buildActionMask = 2147483647;
			files = (
			);
			runOnlyForDeploymentPostprocessing = 0;
		};
/* End PBXFrameworksBuildPhase section */

/* Begin PBXGroup section */
		AC75D5971EE13F63002FA1BC = {
			isa = PBXGroup;
			children = (
				AC75D5A21EE13F63002FA1BC /* TaoBaoDetailDemo */,
				AC75D5A11EE13F63002FA1BC /* Products */,
			);
			sourceTree = "<group>";
		};
		AC75D5A11EE13F63002FA1BC /* Products */ = {
			isa = PBXGroup;
			children = (
				AC75D5A01EE13F63002FA1BC /* TaoBaoDetailDemo.app */,
			);
			name = Products;
			sourceTree = "<group>";
		};
		AC75D5A21EE13F63002FA1BC /* TaoBaoDetailDemo */ = {
			isa = PBXGroup;
			children = (
				AC75D5C01EE13FDC002FA1BC /* MJRefresh */,
				AC75D5A61EE13F63002FA1BC /* AppDelegate.h */,
				AC75D5A71EE13F63002FA1BC /* AppDelegate.m */,
				AC75D6001EE15C7F002FA1BC /* index.html */,
				AC75D5A91EE13F63002FA1BC /* ViewController.h */,
				AC75D5AA1EE13F63002FA1BC /* ViewController.m */,
				AC75D5BA1EE13F9E002FA1BC /* JJOCJSViewController.h */,
				AC75D5BB1EE13F9E002FA1BC /* JJOCJSViewController.m */,
				AC75D5BD1EE13FB0002FA1BC /* JJOCJSModel.h */,
				AC75D5BE1EE13FB0002FA1BC /* JJOCJSModel.m */,
				AC75D5AC1EE13F63002FA1BC /* Main.storyboard */,
				AC75D5AF1EE13F63002FA1BC /* Assets.xcassets */,
				AC75D5B11EE13F63002FA1BC /* LaunchScreen.storyboard */,
				AC75D5B41EE13F63002FA1BC /* Info.plist */,
				AC75D5A31EE13F63002FA1BC /* Supporting Files */,
			);
			path = TaoBaoDetailDemo;
			sourceTree = "<group>";
		};
		AC75D5A31EE13F63002FA1BC /* Supporting Files */ = {
			isa = PBXGroup;
			children = (
				AC75D5A41EE13F63002FA1BC /* main.m */,
			);
			name = "Supporting Files";
			sourceTree = "<group>";
		};
		AC75D5C01EE13FDC002FA1BC /* MJRefresh */ = {
			isa = PBXGroup;
			children = (
				AC75D5C11EE13FDC002FA1BC /* Base */,
				AC75D5CC1EE13FDC002FA1BC /* Custom */,
				AC75D5E31EE13FDC002FA1BC /* MJRefresh.bundle */,
				AC75D5E41EE13FDC002FA1BC /* MJRefresh.h */,
				AC75D5E51EE13FDC002FA1BC /* MJRefreshConst.h */,
				AC75D5E61EE13FDC002FA1BC /* MJRefreshConst.m */,
				AC75D5E71EE13FDC002FA1BC /* UIScrollView+MJExtension.h */,
				AC75D5E81EE13FDC002FA1BC /* UIScrollView+MJExtension.m */,
				AC75D5E91EE13FDC002FA1BC /* UIScrollView+MJRefresh.h */,
				AC75D5EA1EE13FDC002FA1BC /* UIScrollView+MJRefresh.m */,
				AC75D5EB1EE13FDC002FA1BC /* UIView+MJExtension.h */,
				AC75D5EC1EE13FDC002FA1BC /* UIView+MJExtension.m */,
			);
			path = MJRefresh;
			sourceTree = "<group>";
		};
		AC75D5C11EE13FDC002FA1BC /* Base */ = {
			isa = PBXGroup;
			children = (
				AC75D5C21EE13FDC002FA1BC /* MJRefreshAutoFooter.h */,
				AC75D5C31EE13FDC002FA1BC /* MJRefreshAutoFooter.m */,
				AC75D5C41EE13FDC002FA1BC /* MJRefreshBackFooter.h */,
				AC75D5C51EE13FDC002FA1BC /* MJRefreshBackFooter.m */,
				AC75D5C61EE13FDC002FA1BC /* MJRefreshComponent.h */,
				AC75D5C71EE13FDC002FA1BC /* MJRefreshComponent.m */,
				AC75D5C81EE13FDC002FA1BC /* MJRefreshFooter.h */,
				AC75D5C91EE13FDC002FA1BC /* MJRefreshFooter.m */,
				AC75D5CA1EE13FDC002FA1BC /* MJRefreshHeader.h */,
				AC75D5CB1EE13FDC002FA1BC /* MJRefreshHeader.m */,
			);
			path = Base;
			sourceTree = "<group>";
		};
		AC75D5CC1EE13FDC002FA1BC /* Custom */ = {
			isa = PBXGroup;
			children = (
				AC75D5CD1EE13FDC002FA1BC /* Footer */,
				AC75D5DC1EE13FDC002FA1BC /* Header */,
			);
			path = Custom;
			sourceTree = "<group>";
		};
		AC75D5CD1EE13FDC002FA1BC /* Footer */ = {
			isa = PBXGroup;
			children = (
				AC75D5CE1EE13FDC002FA1BC /* Auto */,
				AC75D5D51EE13FDC002FA1BC /* Back */,
			);
			path = Footer;
			sourceTree = "<group>";
		};
		AC75D5CE1EE13FDC002FA1BC /* Auto */ = {
			isa = PBXGroup;
			children = (
				AC75D5CF1EE13FDC002FA1BC /* MJRefreshAutoGifFooter.h */,
				AC75D5D01EE13FDC002FA1BC /* MJRefreshAutoGifFooter.m */,
				AC75D5D11EE13FDC002FA1BC /* MJRefreshAutoNormalFooter.h */,
				AC75D5D21EE13FDC002FA1BC /* MJRefreshAutoNormalFooter.m */,
				AC75D5D31EE13FDC002FA1BC /* MJRefreshAutoStateFooter.h */,
				AC75D5D41EE13FDC002FA1BC /* MJRefreshAutoStateFooter.m */,
			);
			path = Auto;
			sourceTree = "<group>";
		};
		AC75D5D51EE13FDC002FA1BC /* Back */ = {
			isa = PBXGroup;
			children = (
				AC75D5D61EE13FDC002FA1BC /* MJRefreshBackGifFooter.h */,
				AC75D5D71EE13FDC002FA1BC /* MJRefreshBackGifFooter.m */,
				AC75D5D81EE13FDC002FA1BC /* MJRefreshBackNormalFooter.h */,
				AC75D5D91EE13FDC002FA1BC /* MJRefreshBackNormalFooter.m */,
				AC75D5DA1EE13FDC002FA1BC /* MJRefreshBackStateFooter.h */,
				AC75D5DB1EE13FDC002FA1BC /* MJRefreshBackStateFooter.m */,
			);
			path = Back;
			sourceTree = "<group>";
		};
		AC75D5DC1EE13FDC002FA1BC /* Header */ = {
			isa = PBXGroup;
			children = (
				AC75D5DD1EE13FDC002FA1BC /* MJRefreshGifHeader.h */,
				AC75D5DE1EE13FDC002FA1BC /* MJRefreshGifHeader.m */,
				AC75D5DF1EE13FDC002FA1BC /* MJRefreshNormalHeader.h */,
				AC75D5E01EE13FDC002FA1BC /* MJRefreshNormalHeader.m */,
				AC75D5E11EE13FDC002FA1BC /* MJRefreshStateHeader.h */,
				AC75D5E21EE13FDC002FA1BC /* MJRefreshStateHeader.m */,
			);
			path = Header;
			sourceTree = "<group>";
		};
/* End PBXGroup section */

/* Begin PBXNativeTarget section */
		AC75D59F1EE13F63002FA1BC /* TaoBaoDetailDemo */ = {
			isa = PBXNativeTarget;
			buildConfigurationList = AC75D5B71EE13F63002FA1BC /* Build configuration list for PBXNativeTarget "TaoBaoDetailDemo" */;
			buildPhases = (
				AC75D59C1EE13F63002FA1BC /* Sources */,
				AC75D59D1EE13F63002FA1BC /* Frameworks */,
				AC75D59E1EE13F63002FA1BC /* Resources */,
			);
			buildRules = (
			);
			dependencies = (
			);
			name = TaoBaoDetailDemo;
			productName = TaoBaoDetailDemo;
			productReference = AC75D5A01EE13F63002FA1BC /* TaoBaoDetailDemo.app */;
			productType = "com.apple.product-type.application";
		};
/* End PBXNativeTarget section */

/* Begin PBXProject section */
		AC75D5981EE13F63002FA1BC /* Project object */ = {
			isa = PBXProject;
			attributes = {
				LastUpgradeCheck = 0830;
				ORGANIZATIONNAME = vpjacob;
				TargetAttributes = {
					AC75D59F1EE13F63002FA1BC = {
						CreatedOnToolsVersion = 8.3.2;
						DevelopmentTeam = 9UDZ2DU44G;
						ProvisioningStyle = Automatic;
					};
				};
			};
			buildConfigurationList = AC75D59B1EE13F63002FA1BC /* Build configuration list for PBXProject "TaoBaoDetailDemo" */;
			compatibilityVersion = "Xcode 3.2";
			developmentRegion = English;
			hasScannedForEncodings = 0;
			knownRegions = (
				en,
				Base,
			);
			mainGroup = AC75D5971EE13F63002FA1BC;
			productRefGroup = AC75D5A11EE13F63002FA1BC /* Products */;
			projectDirPath = "";
			projectRoot = "";
			targets = (
				AC75D59F1EE13F63002FA1BC /* TaoBaoDetailDemo */,
			);
		};
/* End PBXProject section */

/* Begin PBXResourcesBuildPhase section */
		AC75D59E1EE13F63002FA1BC /* Resources */ = {
			isa = PBXResourcesBuildPhase;
			buildActionMask = 2147483647;
			files = (
				AC75D6011EE15C7F002FA1BC /* index.html in Resources */,
				AC75D5B31EE13F63002FA1BC /* LaunchScreen.storyboard in Resources */,
				AC75D5B01EE13F63002FA1BC /* Assets.xcassets in Resources */,
				AC75D5FB1EE13FDC002FA1BC /* MJRefresh.bundle in Resources */,
				AC75D5AE1EE13F63002FA1BC /* Main.storyboard in Resources */,
			);
			runOnlyForDeploymentPostprocessing = 0;
		};
/* End PBXResourcesBuildPhase section */

/* Begin PBXSourcesBuildPhase section */
		AC75D59C1EE13F63002FA1BC /* Sources */ = {
			isa = PBXSourcesBuildPhase;
			buildActionMask = 2147483647;
			files = (
				AC75D5F91EE13FDC002FA1BC /* MJRefreshNormalHeader.m in Sources */,
				AC75D5FA1EE13FDC002FA1BC /* MJRefreshStateHeader.m in Sources */,
				AC75D5F81EE13FDC002FA1BC /* MJRefreshGifHeader.m in Sources */,
				AC75D5FF1EE13FDC002FA1BC /* UIView+MJExtension.m in Sources */,
				AC75D5F61EE13FDC002FA1BC /* MJRefreshBackNormalFooter.m in Sources */,
				AC75D5FC1EE13FDC002FA1BC /* MJRefreshConst.m in Sources */,
				AC75D5EF1EE13FDC002FA1BC /* MJRefreshComponent.m in Sources */,
				AC75D5F21EE13FDC002FA1BC /* MJRefreshAutoGifFooter.m in Sources */,
				AC75D5EE1EE13FDC002FA1BC /* MJRefreshBackFooter.m in Sources */,
				AC75D5AB1EE13F63002FA1BC /* ViewController.m in Sources */,
				AC75D5FD1EE13FDC002FA1BC /* UIScrollView+MJExtension.m in Sources */,
				AC75D5BF1EE13FB0002FA1BC /* JJOCJSModel.m in Sources */,
				AC75D5F31EE13FDC002FA1BC /* MJRefreshAutoNormalFooter.m in Sources */,
				AC75D5FE1EE13FDC002FA1BC /* UIScrollView+MJRefresh.m in Sources */,
				AC75D5A81EE13F63002FA1BC /* AppDelegate.m in Sources */,
				AC75D5F51EE13FDC002FA1BC /* MJRefreshBackGifFooter.m in Sources */,
				AC75D5F11EE13FDC002FA1BC /* MJRefreshHeader.m in Sources */,
				AC75D5F41EE13FDC002FA1BC /* MJRefreshAutoStateFooter.m in Sources */,
				AC75D5F01EE13FDC002FA1BC /* MJRefreshFooter.m in Sources */,
				AC75D5F71EE13FDC002FA1BC /* MJRefreshBackStateFooter.m in Sources */,
				AC75D5A51EE13F63002FA1BC /* main.m in Sources */,
				AC75D5ED1EE13FDC002FA1BC /* MJRefreshAutoFooter.m in Sources */,
				AC75D5BC1EE13F9E002FA1BC /* JJOCJSViewController.m in Sources */,
			);
			runOnlyForDeploymentPostprocessing = 0;
		};
/* End PBXSourcesBuildPhase section */

/* Begin PBXVariantGroup section */
		AC75D5AC1EE13F63002FA1BC /* Main.storyboard */ = {
			isa = PBXVariantGroup;
			children = (
				AC75D5AD1EE13F63002FA1BC /* Base */,
			);
			name = Main.storyboard;
			sourceTree = "<group>";
		};
		AC75D5B11EE13F63002FA1BC /* LaunchScreen.storyboard */ = {
			isa = PBXVariantGroup;
			children = (
				AC75D5B21EE13F63002FA1BC /* Base */,
			);
			name = LaunchScreen.storyboard;
			sourceTree = "<group>";
		};
/* End PBXVariantGroup section */

/* Begin XCBuildConfiguration section */
		AC75D5B51EE13F63002FA1BC /* Debug */ = {
			isa = XCBuildConfiguration;
			buildSettings = {
				ALWAYS_SEARCH_USER_PATHS = NO;
				CLANG_ANALYZER_NONNULL = YES;
				CLANG_ANALYZER_NUMBER_OBJECT_CONVERSION = YES_AGGRESSIVE;
				CLANG_CXX_LANGUAGE_STANDARD = "gnu++0x";
				CLANG_CXX_LIBRARY = "libc++";
				CLANG_ENABLE_MODULES = YES;
				CLANG_ENABLE_OBJC_ARC = YES;
				CLANG_WARN_BOOL_CONVERSION = YES;
				CLANG_WARN_CONSTANT_CONVERSION = YES;
				CLANG_WARN_DIRECT_OBJC_ISA_USAGE = YES_ERROR;
				CLANG_WARN_DOCUMENTATION_COMMENTS = YES;
				CLANG_WARN_EMPTY_BODY = YES;
				CLANG_WARN_ENUM_CONVERSION = YES;
				CLANG_WARN_INFINITE_RECURSION = YES;
				CLANG_WARN_INT_CONVERSION = YES;
				CLANG_WARN_OBJC_ROOT_CLASS = YES_ERROR;
				CLANG_WARN_SUSPICIOUS_MOVE = YES;
				CLANG_WARN_UNREACHABLE_CODE = YES;
				CLANG_WARN__DUPLICATE_METHOD_MATCH = YES;
				"CODE_SIGN_IDENTITY[sdk=iphoneos*]" = "iPhone Developer";
				COPY_PHASE_STRIP = NO;
				DEBUG_INFORMATION_FORMAT = dwarf;
				ENABLE_STRICT_OBJC_MSGSEND = YES;
				ENABLE_TESTABILITY = YES;
				GCC_C_LANGUAGE_STANDARD = gnu99;
				GCC_DYNAMIC_NO_PIC = NO;
				GCC_NO_COMMON_BLOCKS = YES;
				GCC_OPTIMIZATION_LEVEL = 0;
				GCC_PREPROCESSOR_DEFINITIONS = (
					"DEBUG=1",
					"$(inherited)",
				);
				GCC_WARN_64_TO_32_BIT_CONVERSION = YES;
				GCC_WARN_ABOUT_RETURN_TYPE = YES_ERROR;
				GCC_WARN_UNDECLARED_SELECTOR = YES;
				GCC_WARN_UNINITIALIZED_AUTOS = YES_AGGRESSIVE;
				GCC_WARN_UNUSED_FUNCTION = YES;
				GCC_WARN_UNUSED_VARIABLE = YES;
				IPHONEOS_DEPLOYMENT_TARGET = 10.3;
				MTL_ENABLE_DEBUG_INFO = YES;
				ONLY_ACTIVE_ARCH = YES;
				SDKROOT = iphoneos;
				TARGETED_DEVICE_FAMILY = "1,2";
			};
			name = Debug;
		};
		AC75D5B61EE13F63002FA1BC /* Release */ = {
			isa = XCBuildConfiguration;
			buildSettings = {
				ALWAYS_SEARCH_USER_PATHS = NO;
				CLANG_ANALYZER_NONNULL = YES;
				CLANG_ANALYZER_NUMBER_OBJECT_CONVERSION = YES_AGGRESSIVE;
				CLANG_CXX_LANGUAGE_STANDARD = "gnu++0x";
				CLANG_CXX_LIBRARY = "libc++";
				CLANG_ENABLE_MODULES = YES;
				CLANG_ENABLE_OBJC_ARC = YES;
				CLANG_WARN_BOOL_CONVERSION = YES;
				CLANG_WARN_CONSTANT_CONVERSION = YES;
				CLANG_WARN_DIRECT_OBJC_ISA_USAGE = YES_ERROR;
				CLANG_WARN_DOCUMENTATION_COMMENTS = YES;
				CLANG_WARN_EMPTY_BODY = YES;
				CLANG_WARN_ENUM_CONVERSION = YES;
				CLANG_WARN_INFINITE_RECURSION = YES;
				CLANG_WARN_INT_CONVERSION = YES;
				CLANG_WARN_OBJC_ROOT_CLASS = YES_ERROR;
				CLANG_WARN_SUSPICIOUS_MOVE = YES;
				CLANG_WARN_UNREACHABLE_CODE = YES;
				CLANG_WARN__DUPLICATE_METHOD_MATCH = YES;
				"CODE_SIGN_IDENTITY[sdk=iphoneos*]" = "iPhone Developer";
				COPY_PHASE_STRIP = NO;
				DEBUG_INFORMATION_FORMAT = "dwarf-with-dsym";
				ENABLE_NS_ASSERTIONS = NO;
				ENABLE_STRICT_OBJC_MSGSEND = YES;
				GCC_C_LANGUAGE_STANDARD = gnu99;
				GCC_NO_COMMON_BLOCKS = YES;
				GCC_WARN_64_TO_32_BIT_CONVERSION = YES;
				GCC_WARN_ABOUT_RETURN_TYPE = YES_ERROR;
				GCC_WARN_UNDECLARED_SELECTOR = YES;
				GCC_WARN_UNINITIALIZED_AUTOS = YES_AGGRESSIVE;
				GCC_WARN_UNUSED_FUNCTION = YES;
				GCC_WARN_UNUSED_VARIABLE = YES;
				IPHONEOS_DEPLOYMENT_TARGET = 10.3;
				MTL_ENABLE_DEBUG_INFO = NO;
				SDKROOT = iphoneos;
				TARGETED_DEVICE_FAMILY = "1,2";
				VALIDATE_PRODUCT = YES;
			};
			name = Release;
		};
		AC75D5B81EE13F63002FA1BC /* Debug */ = {
			isa = XCBuildConfiguration;
			buildSettings = {
				ASSETCATALOG_COMPILER_APPICON_NAME = AppIcon;
				DEVELOPMENT_TEAM = 9UDZ2DU44G;
				INFOPLIST_FILE = TaoBaoDetailDemo/Info.plist;
				LD_RUNPATH_SEARCH_PATHS = "$(inherited) @executable_path/Frameworks";
				PRODUCT_BUNDLE_IDENTIFIER = com.youme.www.TaoBaoDetailDemo;
				PRODUCT_NAME = "$(TARGET_NAME)";
			};
			name = Debug;
		};
		AC75D5B91EE13F63002FA1BC /* Release */ = {
			isa = XCBuildConfiguration;
			buildSettings = {
				ASSETCATALOG_COMPILER_APPICON_NAME = AppIcon;
				DEVELOPMENT_TEAM = 9UDZ2DU44G;
				INFOPLIST_FILE = TaoBaoDetailDemo/Info.plist;
				LD_RUNPATH_SEARCH_PATHS = "$(inherited) @executable_path/Frameworks";
				PRODUCT_BUNDLE_IDENTIFIER = com.youme.www.TaoBaoDetailDemo;
				PRODUCT_NAME = "$(TARGET_NAME)";
			};
			name = Release;
		};
/* End XCBuildConfiguration section */

/* Begin XCConfigurationList section */
		AC75D59B1EE13F63002FA1BC /* Build configuration list for PBXProject "TaoBaoDetailDemo" */ = {
			isa = XCConfigurationList;
			buildConfigurations = (
				AC75D5B51EE13F63002FA1BC /* Debug */,
				AC75D5B61EE13F63002FA1BC /* Release */,
			);
			defaultConfigurationIsVisible = 0;
			defaultConfigurationName = Release;
		};
		AC75D5B71EE13F63002FA1BC /* Build configuration list for PBXNativeTarget "TaoBaoDetailDemo" */ = {
			isa = XCConfigurationList;
			buildConfigurations = (
				AC75D5B81EE13F63002FA1BC /* Debug */,
				AC75D5B91EE13F63002FA1BC /* Release */,
			);
			defaultConfigurationIsVisible = 0;
		};
/* End XCConfigurationList section */
	};
	rootObject = AC75D5981EE13F63002FA1BC /* Project object */;
}
